
Microsoft Visual Studio Solution File, Format Version 12.00
# Visual Studio Version 17
VisualStudioVersion = 17.6.33801.468
MinimumVisualStudioVersion = 10.0.40219.1
Project("{FAE04EC0-301F-11D3-BF4B-00C04F79EFBC}") = "demoObjectPool", "demoObjectPool\demoObjectPool.csproj", "{D6004403-2BD6-4971-860F-E6B21AE74663}"
EndProject
Global
	GlobalSection(SolutionConfigurationPlatforms) = preSolution
		Debug|Any CPU = Debug|Any CPU
		Release|Any CPU = Release|Any CPU
	EndGlobalSection
	GlobalSection(ProjectConfigurationPlatforms) = postSolution
		{D6004403-2BD6-4971-860F-E6B21AE74663}.Debug|Any CPU.ActiveCfg = Debug|Any CPU
		{D6004403-2BD6-4971-860F-E6B21AE74663}.Debug|Any CPU.Build.0 = Debug|Any CPU
		{D6004403-2BD6-4971-860F-E6B21AE74663}.Release|Any CPU.ActiveCfg = Release|Any CPU
		{D6004403-2BD6-4971-860F-E6B21AE74663}.Release|Any CPU.Build.0 = Release|Any CPU
	EndGlobalSection
	GlobalSection(SolutionProperties) = preSolution
		HideSolutionNode = FALSE
	EndGlobalSection
	GlobalSection(ExtensibilityGlobals) = postSolution
		SolutionGuid = {068A7972-A5B1-4760-9BBD-57144DD30B2E}
	EndGlobalSection
EndGlobal
